
Microsoft Visual Studio Solution File, Format Version 12.00
# Visual Studio Version 16
VisualStudioVersion = 16.0.29424.173
MinimumVisualStudioVersion = 10.0.40219.1
Project("{FAE04EC0-301F-11D3-BF4B-00C04F79EFBC}") = "Senai.Senatur.WebApi", "Senai.Senatur.WebApi.csproj", "{271478F2-E133-48C7-BA68-0E77BE449C76}"
EndProject
Global
	GlobalSection(SolutionConfigurationPlatforms) = preSolution
		Debug|Any CPU = Debug|Any CPU
		Release|Any CPU = Release|Any CPU
	EndGlobalSection
	GlobalSection(ProjectConfigurationPlatforms) = postSolution
		{271478F2-E133-48C7-BA68-0E77BE449C76}.Debug|Any CPU.ActiveCfg = Debug|Any CPU
		{271478F2-E133-48C7-BA68-0E77BE449C76}.Debug|Any CPU.Build.0 = Debug|Any CPU
		{271478F2-E133-48C7-BA68-0E77BE449C76}.Release|Any CPU.ActiveCfg = Release|Any CPU
		{271478F2-E133-48C7-BA68-0E77BE449C76}.Release|Any CPU.Build.0 = Release|Any CPU
	EndGlobalSection
	GlobalSection(SolutionProperties) = preSolution
		HideSolutionNode = FALSE
	EndGlobalSection
	GlobalSection(ExtensibilityGlobals) = postSolution
		SolutionGuid = {F08F18F6-4931-4261-8944-08ACCF8EE315}
	EndGlobalSection
EndGlobal
